
Microsoft Visual Studio Solution File, Format Version 12.00
# Visual Studio Version 17
VisualStudioVersion = 17.10.35013.160
MinimumVisualStudioVersion = 10.0.40219.1
Project("{FAE04EC0-301F-11D3-BF4B-00C04F79EFBC}") = "Encapsulation", "Encapsulation\Encapsulation.csproj", "{9FA06D6C-ACB7-42F5-9ADA-C31D6301B824}"
EndProject
Project("{FAE04EC0-301F-11D3-BF4B-00C04F79EFBC}") = "Academy", "Academy\Academy.csproj", "{75280F4F-4397-4A31-AC27-849CE1E325CE}"
EndProject
Project("{FAE04EC0-301F-11D3-BF4B-00C04F79EFBC}") = "AbsatractBaseClass", "AbsatractBaseClass\AbsatractBaseClass.csproj", "{DE74A8D0-0291-43D5-A766-4BCD90FC99C0}"
EndProject
Project("{FAE04EC0-301F-11D3-BF4B-00C04F79EFBC}") = "AbstractCeomrtey", "AbstractCeomrtey\AbstractCeomrtey.csproj", "{7D567651-7FD4-406B-BF01-7209AEFB77F7}"
EndProject
Global
	GlobalSection(SolutionConfigurationPlatforms) = preSolution
		Debug|Any CPU = Debug|Any CPU
		Release|Any CPU = Release|Any CPU
	EndGlobalSection
	GlobalSection(ProjectConfigurationPlatforms) = postSolution
		{9FA06D6C-ACB7-42F5-9ADA-C31D6301B824}.Debug|Any CPU.ActiveCfg = Debug|Any CPU
		{9FA06D6C-ACB7-42F5-9ADA-C31D6301B824}.Debug|Any CPU.Build.0 = Debug|Any CPU
		{9FA06D6C-ACB7-42F5-9ADA-C31D6301B824}.Release|Any CPU.ActiveCfg = Release|Any CPU
		{9FA06D6C-ACB7-42F5-9ADA-C31D6301B824}.Release|Any CPU.Build.0 = Release|Any CPU
		{75280F4F-4397-4A31-AC27-849CE1E325CE}.Debug|Any CPU.ActiveCfg = Debug|Any CPU
		{75280F4F-4397-4A31-AC27-849CE1E325CE}.Debug|Any CPU.Build.0 = Debug|Any CPU
		{75280F4F-4397-4A31-AC27-849CE1E325CE}.Release|Any CPU.ActiveCfg = Release|Any CPU
		{75280F4F-4397-4A31-AC27-849CE1E325CE}.Release|Any CPU.Build.0 = Release|Any CPU
		{DE74A8D0-0291-43D5-A766-4BCD90FC99C0}.Debug|Any CPU.ActiveCfg = Debug|Any CPU
		{DE74A8D0-0291-43D5-A766-4BCD90FC99C0}.Debug|Any CPU.Build.0 = Debug|Any CPU
		{DE74A8D0-0291-43D5-A766-4BCD90FC99C0}.Release|Any CPU.ActiveCfg = Release|Any CPU
		{DE74A8D0-0291-43D5-A766-4BCD90FC99C0}.Release|Any CPU.Build.0 = Release|Any CPU
		{7D567651-7FD4-406B-BF01-7209AEFB77F7}.Debug|Any CPU.ActiveCfg = Debug|Any CPU
		{7D567651-7FD4-406B-BF01-7209AEFB77F7}.Debug|Any CPU.Build.0 = Debug|Any CPU
		{7D567651-7FD4-406B-BF01-7209AEFB77F7}.Release|Any CPU.ActiveCfg = Release|Any CPU
		{7D567651-7FD4-406B-BF01-7209AEFB77F7}.Release|Any CPU.Build.0 = Release|Any CPU
	EndGlobalSection
	GlobalSection(SolutionProperties) = preSolution
		HideSolutionNode = FALSE
	EndGlobalSection
	GlobalSection(ExtensibilityGlobals) = postSolution
		SolutionGuid = {66CF0671-BED1-414B-A5DC-2260D743D74A}
	EndGlobalSection
EndGlobal
